
Microsoft Visual Studio Solution File, Format Version 12.00
# Visual Studio Version 16
VisualStudioVersion = 16.0.31702.278
MinimumVisualStudioVersion = 10.0.40219.1
Project("{FAE04EC0-301F-11D3-BF4B-00C04F79EFBC}") = "ttt", "ttt\ttt.csproj", "{B334E4D7-2B19-42AC-91D0-E16F0E32E7BE}"
EndProject
Global
	GlobalSection(SolutionConfigurationPlatforms) = preSolution
		Debug|Any CPU = Debug|Any CPU
		Release|Any CPU = Release|Any CPU
	EndGlobalSection
	GlobalSection(ProjectConfigurationPlatforms) = postSolution
		{B334E4D7-2B19-42AC-91D0-E16F0E32E7BE}.Debug|Any CPU.ActiveCfg = Debug|Any CPU
		{B334E4D7-2B19-42AC-91D0-E16F0E32E7BE}.Debug|Any CPU.Build.0 = Debug|Any CPU
		{B334E4D7-2B19-42AC-91D0-E16F0E32E7BE}.Release|Any CPU.ActiveCfg = Release|Any CPU
		{B334E4D7-2B19-42AC-91D0-E16F0E32E7BE}.Release|Any CPU.Build.0 = Release|Any CPU
	EndGlobalSection
	GlobalSection(SolutionProperties) = preSolution
		HideSolutionNode = FALSE
	EndGlobalSection
	GlobalSection(ExtensibilityGlobals) = postSolution
		SolutionGuid = {7E384D48-6333-4584-B970-3A5748A91029}
	EndGlobalSection
EndGlobal
